
Microsoft Visual Studio Solution File, Format Version 12.00
# Visual Studio 15
VisualStudioVersion = 15.0.27130.2003
MinimumVisualStudioVersion = 10.0.40219.1
Project("{8BC9CEB8-8B4A-11D0-8D11-00A0C91BC942}") = "Biblioteka", "Biblioteka\Biblioteka.vcxproj", "{001A4558-999A-49BC-AB02-9C18058E5EBD}"
EndProject
Global
	GlobalSection(SolutionConfigurationPlatforms) = preSolution
		Debug|x64 = Debug|x64
		Debug|x86 = Debug|x86
		Release|x64 = Release|x64
		Release|x86 = Release|x86
	EndGlobalSection
	GlobalSection(ProjectConfigurationPlatforms) = postSolution
		{001A4558-999A-49BC-AB02-9C18058E5EBD}.Debug|x64.ActiveCfg = Debug|x64
		{001A4558-999A-49BC-AB02-9C18058E5EBD}.Debug|x64.Build.0 = Debug|x64
		{001A4558-999A-49BC-AB02-9C18058E5EBD}.Debug|x86.ActiveCfg = Debug|Win32
		{001A4558-999A-49BC-AB02-9C18058E5EBD}.Debug|x86.Build.0 = Debug|Win32
		{001A4558-999A-49BC-AB02-9C18058E5EBD}.Release|x64.ActiveCfg = Release|x64
		{001A4558-999A-49BC-AB02-9C18058E5EBD}.Release|x64.Build.0 = Release|x64
		{001A4558-999A-49BC-AB02-9C18058E5EBD}.Release|x86.ActiveCfg = Release|Win32
		{001A4558-999A-49BC-AB02-9C18058E5EBD}.Release|x86.Build.0 = Release|Win32
	EndGlobalSection
	GlobalSection(SolutionProperties) = preSolution
		HideSolutionNode = FALSE
	EndGlobalSection
	GlobalSection(ExtensibilityGlobals) = postSolution
		SolutionGuid = {64E99CF9-C189-4517-AA52-DF9E6947E33C}
	EndGlobalSection
EndGlobal
